
Microsoft Visual Studio Solution File, Format Version 12.00
# Visual Studio 2012
Project("{FAE04EC0-301F-11D3-BF4B-00C04F79EFBC}") = "OnlineAFIS", "OnlineAFIS\OnlineAFIS.csproj", "{8E63C7EC-BED8-4FBA-9D57-F2BBE5C0D176}"
EndProject
Project("{FAE04EC0-301F-11D3-BF4B-00C04F79EFBC}") = "OnlineAFIS.Tests", "OnlineAFIS.Tests\OnlineAFIS.Tests.csproj", "{7EA221EB-8008-4566-BB1F-B8821625AF9F}"
EndProject
Global
	GlobalSection(SolutionConfigurationPlatforms) = preSolution
		Debug|Any CPU = Debug|Any CPU
		Release|Any CPU = Release|Any CPU
	EndGlobalSection
	GlobalSection(ProjectConfigurationPlatforms) = postSolution
		{8E63C7EC-BED8-4FBA-9D57-F2BBE5C0D176}.Debug|Any CPU.ActiveCfg = Debug|Any CPU
		{8E63C7EC-BED8-4FBA-9D57-F2BBE5C0D176}.Debug|Any CPU.Build.0 = Debug|Any CPU
		{8E63C7EC-BED8-4FBA-9D57-F2BBE5C0D176}.Release|Any CPU.ActiveCfg = Release|Any CPU
		{8E63C7EC-BED8-4FBA-9D57-F2BBE5C0D176}.Release|Any CPU.Build.0 = Release|Any CPU
		{7EA221EB-8008-4566-BB1F-B8821625AF9F}.Debug|Any CPU.ActiveCfg = Debug|Any CPU
		{7EA221EB-8008-4566-BB1F-B8821625AF9F}.Debug|Any CPU.Build.0 = Debug|Any CPU
		{7EA221EB-8008-4566-BB1F-B8821625AF9F}.Release|Any CPU.ActiveCfg = Release|Any CPU
		{7EA221EB-8008-4566-BB1F-B8821625AF9F}.Release|Any CPU.Build.0 = Release|Any CPU
	EndGlobalSection
	GlobalSection(SolutionProperties) = preSolution
		HideSolutionNode = FALSE
	EndGlobalSection
EndGlobal
